
Microsoft Visual Studio Solution File, Format Version 12.00
Project("{FAE04EC0-301F-11D3-BF4B-00C04F79EFBC}") = "MinimalApi", "MinimalApi\MinimalApi.csproj", "{4DB5C8CB-E41B-48B8-9901-DDF3034DF55B}"
EndProject
Project("{2150E333-8FDC-42A3-9474-1A3956D46DE8}") = "Modules", "Modules", "{D89DCBE0-5B9D-40F8-A801-1FA3378EEC50}"
EndProject
Project("{FAE04EC0-301F-11D3-BF4B-00C04F79EFBC}") = "TestLibrary", "src\TestLibrary\TestLibrary.csproj", "{EB9D05A7-C952-4087-BAAC-E8138F50219B}"
EndProject
Project("{2150E333-8FDC-42A3-9474-1A3956D46DE8}") = "Shared", "Shared", "{2A16D387-C96E-49FD-8362-C2DBC7FBBD29}"
EndProject
Project("{FAE04EC0-301F-11D3-BF4B-00C04F79EFBC}") = "SharedLibrary", "src\shared\SharedLibrary\SharedLibrary.csproj", "{4CB9331C-A05F-4CBB-8CE5-E8076491EDD2}"
EndProject
Project("{2150E333-8FDC-42A3-9474-1A3956D46DE8}") = "TryTools", "TryTools", "{9F10F8A9-8238-4EFF-8B4C-8B81F81E54AA}"
EndProject
Project("{FAE04EC0-301F-11D3-BF4B-00C04F79EFBC}") = "TryConcepts", "src\TryConcepts\TryConcepts\TryConcepts.csproj", "{E3DD872A-9F3B-4123-B3DF-07ED4159F47F}"
EndProject
Project("{2150E333-8FDC-42A3-9474-1A3956D46DE8}") = "Bootstrapper", "Bootstrapper", "{BD77FF64-D1F2-40BF-AAD3-B745A3299502}"
EndProject
Global
	GlobalSection(SolutionConfigurationPlatforms) = preSolution
		Debug|Any CPU = Debug|Any CPU
		Release|Any CPU = Release|Any CPU
	EndGlobalSection
	GlobalSection(ProjectConfigurationPlatforms) = postSolution
		{4DB5C8CB-E41B-48B8-9901-DDF3034DF55B}.Debug|Any CPU.ActiveCfg = Debug|Any CPU
		{4DB5C8CB-E41B-48B8-9901-DDF3034DF55B}.Debug|Any CPU.Build.0 = Debug|Any CPU
		{4DB5C8CB-E41B-48B8-9901-DDF3034DF55B}.Release|Any CPU.ActiveCfg = Release|Any CPU
		{4DB5C8CB-E41B-48B8-9901-DDF3034DF55B}.Release|Any CPU.Build.0 = Release|Any CPU
		{EB9D05A7-C952-4087-BAAC-E8138F50219B}.Debug|Any CPU.ActiveCfg = Debug|Any CPU
		{EB9D05A7-C952-4087-BAAC-E8138F50219B}.Debug|Any CPU.Build.0 = Debug|Any CPU
		{EB9D05A7-C952-4087-BAAC-E8138F50219B}.Release|Any CPU.ActiveCfg = Release|Any CPU
		{EB9D05A7-C952-4087-BAAC-E8138F50219B}.Release|Any CPU.Build.0 = Release|Any CPU
		{4CB9331C-A05F-4CBB-8CE5-E8076491EDD2}.Debug|Any CPU.ActiveCfg = Debug|Any CPU
		{4CB9331C-A05F-4CBB-8CE5-E8076491EDD2}.Debug|Any CPU.Build.0 = Debug|Any CPU
		{4CB9331C-A05F-4CBB-8CE5-E8076491EDD2}.Release|Any CPU.ActiveCfg = Release|Any CPU
		{4CB9331C-A05F-4CBB-8CE5-E8076491EDD2}.Release|Any CPU.Build.0 = Release|Any CPU
		{E3DD872A-9F3B-4123-B3DF-07ED4159F47F}.Debug|Any CPU.ActiveCfg = Debug|Any CPU
		{E3DD872A-9F3B-4123-B3DF-07ED4159F47F}.Debug|Any CPU.Build.0 = Debug|Any CPU
		{E3DD872A-9F3B-4123-B3DF-07ED4159F47F}.Release|Any CPU.ActiveCfg = Release|Any CPU
		{E3DD872A-9F3B-4123-B3DF-07ED4159F47F}.Release|Any CPU.Build.0 = Release|Any CPU
	EndGlobalSection
	GlobalSection(NestedProjects) = preSolution
		{EB9D05A7-C952-4087-BAAC-E8138F50219B} = {D89DCBE0-5B9D-40F8-A801-1FA3378EEC50}
		{4CB9331C-A05F-4CBB-8CE5-E8076491EDD2} = {2A16D387-C96E-49FD-8362-C2DBC7FBBD29}
		{E3DD872A-9F3B-4123-B3DF-07ED4159F47F} = {9F10F8A9-8238-4EFF-8B4C-8B81F81E54AA}
		{4DB5C8CB-E41B-48B8-9901-DDF3034DF55B} = {BD77FF64-D1F2-40BF-AAD3-B745A3299502}
	EndGlobalSection
EndGlobal
